
Microsoft Visual Studio Solution File, Format Version 12.00
# Visual Studio Version 17
VisualStudioVersion = 17.6.33815.320
MinimumVisualStudioVersion = 10.0.40219.1
Project("{FAE04EC0-301F-11D3-BF4B-00C04F79EFBC}") = "ProductsCRUD", "ProductsCRUD\ProductsCRUD.csproj", "{1780EC20-4EDD-4E03-8A33-81D478EA1C2E}"
EndProject
Project("{FAE04EC0-301F-11D3-BF4B-00C04F79EFBC}") = "ProductsCRUD.Domain", "ProductsCRUD.Domain\ProductsCRUD.Domain.csproj", "{82B2140C-0DBC-48DC-B4CC-85A11C44E850}"
EndProject
Project("{FAE04EC0-301F-11D3-BF4B-00C04F79EFBC}") = "ProductsCRUD.Infra", "ProductsCRUD.Infra\ProductsCRUD.Infra.csproj", "{0D7E3BC5-CEDD-4A0F-A82D-C8FBBE4A495D}"
EndProject
Project("{FAE04EC0-301F-11D3-BF4B-00C04F79EFBC}") = "ProductsCRUD.Common", "ProductsCRUD.Common\ProductsCRUD.Common.csproj", "{06E70BDA-4775-42C6-B4D4-402B12390506}"
EndProject
Project("{FAE04EC0-301F-11D3-BF4B-00C04F79EFBC}") = "ProductsCRUD.Business", "ProductsCRUD.Business\ProductsCRUD.Business.csproj", "{778995FC-4028-4368-8203-255C453A6A93}"
EndProject
Global
	GlobalSection(SolutionConfigurationPlatforms) = preSolution
		Debug|Any CPU = Debug|Any CPU
		Debug|ARM = Debug|ARM
		Debug|ARM64 = Debug|ARM64
		Debug|x64 = Debug|x64
		Debug|x86 = Debug|x86
		Release|Any CPU = Release|Any CPU
		Release|ARM = Release|ARM
		Release|ARM64 = Release|ARM64
		Release|x64 = Release|x64
		Release|x86 = Release|x86
	EndGlobalSection
	GlobalSection(ProjectConfigurationPlatforms) = postSolution
		{1780EC20-4EDD-4E03-8A33-81D478EA1C2E}.Debug|Any CPU.ActiveCfg = Debug|x64
		{1780EC20-4EDD-4E03-8A33-81D478EA1C2E}.Debug|Any CPU.Build.0 = Debug|x64
		{1780EC20-4EDD-4E03-8A33-81D478EA1C2E}.Debug|Any CPU.Deploy.0 = Debug|x64
		{1780EC20-4EDD-4E03-8A33-81D478EA1C2E}.Debug|ARM.ActiveCfg = Debug|ARM
		{1780EC20-4EDD-4E03-8A33-81D478EA1C2E}.Debug|ARM.Build.0 = Debug|ARM
		{1780EC20-4EDD-4E03-8A33-81D478EA1C2E}.Debug|ARM.Deploy.0 = Debug|ARM
		{1780EC20-4EDD-4E03-8A33-81D478EA1C2E}.Debug|ARM64.ActiveCfg = Debug|ARM64
		{1780EC20-4EDD-4E03-8A33-81D478EA1C2E}.Debug|ARM64.Build.0 = Debug|ARM64
		{1780EC20-4EDD-4E03-8A33-81D478EA1C2E}.Debug|ARM64.Deploy.0 = Debug|ARM64
		{1780EC20-4EDD-4E03-8A33-81D478EA1C2E}.Debug|x64.ActiveCfg = Debug|x64
		{1780EC20-4EDD-4E03-8A33-81D478EA1C2E}.Debug|x64.Build.0 = Debug|x64
		{1780EC20-4EDD-4E03-8A33-81D478EA1C2E}.Debug|x64.Deploy.0 = Debug|x64
		{1780EC20-4EDD-4E03-8A33-81D478EA1C2E}.Debug|x86.ActiveCfg = Debug|x86
		{1780EC20-4EDD-4E03-8A33-81D478EA1C2E}.Debug|x86.Build.0 = Debug|x86
		{1780EC20-4EDD-4E03-8A33-81D478EA1C2E}.Debug|x86.Deploy.0 = Debug|x86
		{1780EC20-4EDD-4E03-8A33-81D478EA1C2E}.Release|Any CPU.ActiveCfg = Release|x64
		{1780EC20-4EDD-4E03-8A33-81D478EA1C2E}.Release|Any CPU.Build.0 = Release|x64
		{1780EC20-4EDD-4E03-8A33-81D478EA1C2E}.Release|Any CPU.Deploy.0 = Release|x64
		{1780EC20-4EDD-4E03-8A33-81D478EA1C2E}.Release|ARM.ActiveCfg = Release|ARM
		{1780EC20-4EDD-4E03-8A33-81D478EA1C2E}.Release|ARM.Build.0 = Release|ARM
		{1780EC20-4EDD-4E03-8A33-81D478EA1C2E}.Release|ARM.Deploy.0 = Release|ARM
		{1780EC20-4EDD-4E03-8A33-81D478EA1C2E}.Release|ARM64.ActiveCfg = Release|ARM64
		{1780EC20-4EDD-4E03-8A33-81D478EA1C2E}.Release|ARM64.Build.0 = Release|ARM64
		{1780EC20-4EDD-4E03-8A33-81D478EA1C2E}.Release|ARM64.Deploy.0 = Release|ARM64
		{1780EC20-4EDD-4E03-8A33-81D478EA1C2E}.Release|x64.ActiveCfg = Release|x64
		{1780EC20-4EDD-4E03-8A33-81D478EA1C2E}.Release|x64.Build.0 = Release|x64
		{1780EC20-4EDD-4E03-8A33-81D478EA1C2E}.Release|x64.Deploy.0 = Release|x64
		{1780EC20-4EDD-4E03-8A33-81D478EA1C2E}.Release|x86.ActiveCfg = Release|x86
		{1780EC20-4EDD-4E03-8A33-81D478EA1C2E}.Release|x86.Build.0 = Release|x86
		{1780EC20-4EDD-4E03-8A33-81D478EA1C2E}.Release|x86.Deploy.0 = Release|x86
		{82B2140C-0DBC-48DC-B4CC-85A11C44E850}.Debug|Any CPU.ActiveCfg = Debug|Any CPU
		{82B2140C-0DBC-48DC-B4CC-85A11C44E850}.Debug|Any CPU.Build.0 = Debug|Any CPU
		{82B2140C-0DBC-48DC-B4CC-85A11C44E850}.Debug|ARM.ActiveCfg = Debug|ARM
		{82B2140C-0DBC-48DC-B4CC-85A11C44E850}.Debug|ARM.Build.0 = Debug|ARM
		{82B2140C-0DBC-48DC-B4CC-85A11C44E850}.Debug|ARM64.ActiveCfg = Debug|ARM64
		{82B2140C-0DBC-48DC-B4CC-85A11C44E850}.Debug|ARM64.Build.0 = Debug|ARM64
		{82B2140C-0DBC-48DC-B4CC-85A11C44E850}.Debug|x64.ActiveCfg = Debug|x64
		{82B2140C-0DBC-48DC-B4CC-85A11C44E850}.Debug|x64.Build.0 = Debug|x64
		{82B2140C-0DBC-48DC-B4CC-85A11C44E850}.Debug|x86.ActiveCfg = Debug|x86
		{82B2140C-0DBC-48DC-B4CC-85A11C44E850}.Debug|x86.Build.0 = Debug|x86
		{82B2140C-0DBC-48DC-B4CC-85A11C44E850}.Release|Any CPU.ActiveCfg = Release|Any CPU
		{82B2140C-0DBC-48DC-B4CC-85A11C44E850}.Release|Any CPU.Build.0 = Release|Any CPU
		{82B2140C-0DBC-48DC-B4CC-85A11C44E850}.Release|ARM.ActiveCfg = Release|ARM
		{82B2140C-0DBC-48DC-B4CC-85A11C44E850}.Release|ARM.Build.0 = Release|ARM
		{82B2140C-0DBC-48DC-B4CC-85A11C44E850}.Release|ARM64.ActiveCfg = Release|ARM64
		{82B2140C-0DBC-48DC-B4CC-85A11C44E850}.Release|ARM64.Build.0 = Release|ARM64
		{82B2140C-0DBC-48DC-B4CC-85A11C44E850}.Release|x64.ActiveCfg = Release|x64
		{82B2140C-0DBC-48DC-B4CC-85A11C44E850}.Release|x64.Build.0 = Release|x64
		{82B2140C-0DBC-48DC-B4CC-85A11C44E850}.Release|x86.ActiveCfg = Release|x86
		{82B2140C-0DBC-48DC-B4CC-85A11C44E850}.Release|x86.Build.0 = Release|x86
		{0D7E3BC5-CEDD-4A0F-A82D-C8FBBE4A495D}.Debug|Any CPU.ActiveCfg = Debug|Any CPU
		{0D7E3BC5-CEDD-4A0F-A82D-C8FBBE4A495D}.Debug|Any CPU.Build.0 = Debug|Any CPU
		{0D7E3BC5-CEDD-4A0F-A82D-C8FBBE4A495D}.Debug|ARM.ActiveCfg = Debug|ARM
		{0D7E3BC5-CEDD-4A0F-A82D-C8FBBE4A495D}.Debug|ARM.Build.0 = Debug|ARM
		{0D7E3BC5-CEDD-4A0F-A82D-C8FBBE4A495D}.Debug|ARM64.ActiveCfg = Debug|ARM64
		{0D7E3BC5-CEDD-4A0F-A82D-C8FBBE4A495D}.Debug|ARM64.Build.0 = Debug|ARM64
		{0D7E3BC5-CEDD-4A0F-A82D-C8FBBE4A495D}.Debug|x64.ActiveCfg = Debug|x64
		{0D7E3BC5-CEDD-4A0F-A82D-C8FBBE4A495D}.Debug|x64.Build.0 = Debug|x64
		{0D7E3BC5-CEDD-4A0F-A82D-C8FBBE4A495D}.Debug|x86.ActiveCfg = Debug|x86
		{0D7E3BC5-CEDD-4A0F-A82D-C8FBBE4A495D}.Debug|x86.Build.0 = Debug|x86
		{0D7E3BC5-CEDD-4A0F-A82D-C8FBBE4A495D}.Release|Any CPU.ActiveCfg = Release|Any CPU
		{0D7E3BC5-CEDD-4A0F-A82D-C8FBBE4A495D}.Release|Any CPU.Build.0 = Release|Any CPU
		{0D7E3BC5-CEDD-4A0F-A82D-C8FBBE4A495D}.Release|ARM.ActiveCfg = Release|ARM
		{0D7E3BC5-CEDD-4A0F-A82D-C8FBBE4A495D}.Release|ARM.Build.0 = Release|ARM
		{0D7E3BC5-CEDD-4A0F-A82D-C8FBBE4A495D}.Release|ARM64.ActiveCfg = Release|ARM64
		{0D7E3BC5-CEDD-4A0F-A82D-C8FBBE4A495D}.Release|ARM64.Build.0 = Release|ARM64
		{0D7E3BC5-CEDD-4A0F-A82D-C8FBBE4A495D}.Release|x64.ActiveCfg = Release|x64
		{0D7E3BC5-CEDD-4A0F-A82D-C8FBBE4A495D}.Release|x64.Build.0 = Release|x64
		{0D7E3BC5-CEDD-4A0F-A82D-C8FBBE4A495D}.Release|x86.ActiveCfg = Release|x86
		{0D7E3BC5-CEDD-4A0F-A82D-C8FBBE4A495D}.Release|x86.Build.0 = Release|x86
		{06E70BDA-4775-42C6-B4D4-402B12390506}.Debug|Any CPU.ActiveCfg = Debug|Any CPU
		{06E70BDA-4775-42C6-B4D4-402B12390506}.Debug|Any CPU.Build.0 = Debug|Any CPU
		{06E70BDA-4775-42C6-B4D4-402B12390506}.Debug|ARM.ActiveCfg = Debug|ARM
		{06E70BDA-4775-42C6-B4D4-402B12390506}.Debug|ARM.Build.0 = Debug|ARM
		{06E70BDA-4775-42C6-B4D4-402B12390506}.Debug|ARM64.ActiveCfg = Debug|ARM64
		{06E70BDA-4775-42C6-B4D4-402B12390506}.Debug|ARM64.Build.0 = Debug|ARM64
		{06E70BDA-4775-42C6-B4D4-402B12390506}.Debug|x64.ActiveCfg = Debug|x64
		{06E70BDA-4775-42C6-B4D4-402B12390506}.Debug|x64.Build.0 = Debug|x64
		{06E70BDA-4775-42C6-B4D4-402B12390506}.Debug|x86.ActiveCfg = Debug|x86
		{06E70BDA-4775-42C6-B4D4-402B12390506}.Debug|x86.Build.0 = Debug|x86
		{06E70BDA-4775-42C6-B4D4-402B12390506}.Release|Any CPU.ActiveCfg = Release|Any CPU
		{06E70BDA-4775-42C6-B4D4-402B12390506}.Release|Any CPU.Build.0 = Release|Any CPU
		{06E70BDA-4775-42C6-B4D4-402B12390506}.Release|ARM.ActiveCfg = Release|ARM
		{06E70BDA-4775-42C6-B4D4-402B12390506}.Release|ARM.Build.0 = Release|ARM
		{06E70BDA-4775-42C6-B4D4-402B12390506}.Release|ARM64.ActiveCfg = Release|ARM64
		{06E70BDA-4775-42C6-B4D4-402B12390506}.Release|ARM64.Build.0 = Release|ARM64
		{06E70BDA-4775-42C6-B4D4-402B12390506}.Release|x64.ActiveCfg = Release|x64
		{06E70BDA-4775-42C6-B4D4-402B12390506}.Release|x64.Build.0 = Release|x64
		{06E70BDA-4775-42C6-B4D4-402B12390506}.Release|x86.ActiveCfg = Release|x86
		{06E70BDA-4775-42C6-B4D4-402B12390506}.Release|x86.Build.0 = Release|x86
		{778995FC-4028-4368-8203-255C453A6A93}.Debug|Any CPU.ActiveCfg = Debug|Any CPU
		{778995FC-4028-4368-8203-255C453A6A93}.Debug|Any CPU.Build.0 = Debug|Any CPU
		{778995FC-4028-4368-8203-255C453A6A93}.Debug|ARM.ActiveCfg = Debug|ARM
		{778995FC-4028-4368-8203-255C453A6A93}.Debug|ARM.Build.0 = Debug|ARM
		{778995FC-4028-4368-8203-255C453A6A93}.Debug|ARM64.ActiveCfg = Debug|ARM64
		{778995FC-4028-4368-8203-255C453A6A93}.Debug|ARM64.Build.0 = Debug|ARM64
		{778995FC-4028-4368-8203-255C453A6A93}.Debug|x64.ActiveCfg = Debug|x64
		{778995FC-4028-4368-8203-255C453A6A93}.Debug|x64.Build.0 = Debug|x64
		{778995FC-4028-4368-8203-255C453A6A93}.Debug|x86.ActiveCfg = Debug|x86
		{778995FC-4028-4368-8203-255C453A6A93}.Debug|x86.Build.0 = Debug|x86
		{778995FC-4028-4368-8203-255C453A6A93}.Release|Any CPU.ActiveCfg = Release|Any CPU
		{778995FC-4028-4368-8203-255C453A6A93}.Release|Any CPU.Build.0 = Release|Any CPU
		{778995FC-4028-4368-8203-255C453A6A93}.Release|ARM.ActiveCfg = Release|ARM
		{778995FC-4028-4368-8203-255C453A6A93}.Release|ARM.Build.0 = Release|ARM
		{778995FC-4028-4368-8203-255C453A6A93}.Release|ARM64.ActiveCfg = Release|ARM64
		{778995FC-4028-4368-8203-255C453A6A93}.Release|ARM64.Build.0 = Release|ARM64
		{778995FC-4028-4368-8203-255C453A6A93}.Release|x64.ActiveCfg = Release|x64
		{778995FC-4028-4368-8203-255C453A6A93}.Release|x64.Build.0 = Release|x64
		{778995FC-4028-4368-8203-255C453A6A93}.Release|x86.ActiveCfg = Release|x86
		{778995FC-4028-4368-8203-255C453A6A93}.Release|x86.Build.0 = Release|x86
	EndGlobalSection
	GlobalSection(SolutionProperties) = preSolution
		HideSolutionNode = FALSE
	EndGlobalSection
	GlobalSection(ExtensibilityGlobals) = postSolution
		SolutionGuid = {D261899D-4A31-4D3B-A4DD-0F218EFB3425}
	EndGlobalSection
EndGlobal
